
Microsoft Visual Studio Solution File, Format Version 12.00
# Visual Studio 15
VisualStudioVersion = 15.0.27703.2000
MinimumVisualStudioVersion = 10.0.40219.1
Project("{FAE04EC0-301F-11D3-BF4B-00C04F79EFBC}") = "Adrien.Bindings", "Adrien.Bindings\Adrien.Bindings.csproj", "{148B61A8-200F-4C10-8FCB-8A36F33A548E}"
EndProject
Project("{9A19103F-16F7-4668-BE54-9A1E7A4F7556}") = "Adrien.Core", "Adrien.Core\Adrien.Core.csproj", "{895B7A79-F377-40D2-B036-B7EB6CA23B27}"
EndProject
Project("{9A19103F-16F7-4668-BE54-9A1E7A4F7556}") = "Adrien.Base", "Adrien.Base\Adrien.Base.csproj", "{24D47B7B-A8CF-48CA-AB3A-834FF7AA0724}"
EndProject
Project("{9A19103F-16F7-4668-BE54-9A1E7A4F7556}") = "Adrien.Compiler.PlaidML", "Adrien.Compiler.PlaidML\Adrien.Compiler.PlaidML.csproj", "{F3AB6588-E6D0-4705-92DA-4611A9B3FB12}"
EndProject
Project("{9A19103F-16F7-4668-BE54-9A1E7A4F7556}") = "Adrien.Tests", "Adrien.Tests\Adrien.Tests.csproj", "{E0ED53C6-940A-4486-8051-40F875FBEF2E}"
EndProject
Project("{2150E333-8FDC-42A3-9474-1A3956D46DE8}") = "NativeLibs", "NativeLibs", "{5F2C8816-0C42-4D4A-874C-F7D082C28D1F}"
EndProject
Project("{888888A0-9F3D-457C-B088-3A5042F75D52}") = "PlaidML", "PythonLibs\PlaidML\PlaidML.pyproj", "{DF33AA77-B6EA-4EA2-81A9-5B2218988CD1}"
EndProject
Project("{9A19103F-16F7-4668-BE54-9A1E7A4F7556}") = "Adrien.Native.PlaidML.Win-x64", "NativeLibs\Adrien.Native.PlaidML.Win-x64\Adrien.Native.PlaidML.Win-x64.csproj", "{5F22FA4A-D2CC-4466-9BAB-87E78F0B1D81}"
EndProject
Project("{2150E333-8FDC-42A3-9474-1A3956D46DE8}") = "PythonLibs", "PythonLibs", "{4FE211E6-AD7D-4E5D-8B3B-30BC1D2E11C3}"
EndProject
Project("{2150E333-8FDC-42A3-9474-1A3956D46DE8}") = "docs", "docs", "{036CDE5E-773E-4A6B-A5E4-EA772FDD21A3}"
	ProjectSection(SolutionItems) = preProject
		..\..\..\docs\ad-for-tc.md = ..\..\..\docs\ad-for-tc.md
		build.cmd = build.cmd
		BUILD.md = BUILD.md
		..\..\..\docs\front-end-cshap-api-proposal-1.md = ..\..\..\docs\front-end-cshap-api-proposal-1.md
		..\..\..\docs\init-for-tc.md = ..\..\..\docs\init-for-tc.md
		..\..\..\docs\spike2-impl-notes.md = ..\..\..\docs\spike2-impl-notes.md
	EndProjectSection
EndProject
Global
	GlobalSection(SolutionConfigurationPlatforms) = preSolution
		BuildTemplates|Any CPU = BuildTemplates|Any CPU
		BuildTemplates|x64 = BuildTemplates|x64
		BuildTemplates|x86 = BuildTemplates|x86
		Debug|Any CPU = Debug|Any CPU
		Debug|x64 = Debug|x64
		Debug|x86 = Debug|x86
		Release|Any CPU = Release|Any CPU
		Release|x64 = Release|x64
		Release|x86 = Release|x86
	EndGlobalSection
	GlobalSection(ProjectConfigurationPlatforms) = postSolution
		{148B61A8-200F-4C10-8FCB-8A36F33A548E}.BuildTemplates|Any CPU.ActiveCfg = Release|Any CPU
		{148B61A8-200F-4C10-8FCB-8A36F33A548E}.BuildTemplates|Any CPU.Build.0 = Release|Any CPU
		{148B61A8-200F-4C10-8FCB-8A36F33A548E}.BuildTemplates|x64.ActiveCfg = Release|x64
		{148B61A8-200F-4C10-8FCB-8A36F33A548E}.BuildTemplates|x86.ActiveCfg = Release|x86
		{148B61A8-200F-4C10-8FCB-8A36F33A548E}.Debug|Any CPU.ActiveCfg = Debug|Any CPU
		{148B61A8-200F-4C10-8FCB-8A36F33A548E}.Debug|Any CPU.Build.0 = Debug|Any CPU
		{148B61A8-200F-4C10-8FCB-8A36F33A548E}.Debug|x64.ActiveCfg = Debug|x64
		{148B61A8-200F-4C10-8FCB-8A36F33A548E}.Debug|x64.Build.0 = Debug|x64
		{148B61A8-200F-4C10-8FCB-8A36F33A548E}.Debug|x86.ActiveCfg = Debug|x86
		{148B61A8-200F-4C10-8FCB-8A36F33A548E}.Release|Any CPU.ActiveCfg = Release|Any CPU
		{148B61A8-200F-4C10-8FCB-8A36F33A548E}.Release|Any CPU.Build.0 = Release|Any CPU
		{148B61A8-200F-4C10-8FCB-8A36F33A548E}.Release|x64.ActiveCfg = Release|x64
		{148B61A8-200F-4C10-8FCB-8A36F33A548E}.Release|x64.Build.0 = Release|x64
		{148B61A8-200F-4C10-8FCB-8A36F33A548E}.Release|x86.ActiveCfg = Release|x86
		{148B61A8-200F-4C10-8FCB-8A36F33A548E}.Release|x86.Build.0 = Release|x86
		{895B7A79-F377-40D2-B036-B7EB6CA23B27}.BuildTemplates|Any CPU.ActiveCfg = Release|Any CPU
		{895B7A79-F377-40D2-B036-B7EB6CA23B27}.BuildTemplates|Any CPU.Build.0 = Release|Any CPU
		{895B7A79-F377-40D2-B036-B7EB6CA23B27}.BuildTemplates|x64.ActiveCfg = Debug|x86
		{895B7A79-F377-40D2-B036-B7EB6CA23B27}.BuildTemplates|x64.Build.0 = Debug|x86
		{895B7A79-F377-40D2-B036-B7EB6CA23B27}.BuildTemplates|x86.ActiveCfg = Debug|x86
		{895B7A79-F377-40D2-B036-B7EB6CA23B27}.BuildTemplates|x86.Build.0 = Debug|x86
		{895B7A79-F377-40D2-B036-B7EB6CA23B27}.Debug|Any CPU.ActiveCfg = Debug|Any CPU
		{895B7A79-F377-40D2-B036-B7EB6CA23B27}.Debug|Any CPU.Build.0 = Debug|Any CPU
		{895B7A79-F377-40D2-B036-B7EB6CA23B27}.Debug|x64.ActiveCfg = Debug|x64
		{895B7A79-F377-40D2-B036-B7EB6CA23B27}.Debug|x64.Build.0 = Debug|x64
		{895B7A79-F377-40D2-B036-B7EB6CA23B27}.Debug|x86.ActiveCfg = Debug|x86
		{895B7A79-F377-40D2-B036-B7EB6CA23B27}.Debug|x86.Build.0 = Debug|x86
		{895B7A79-F377-40D2-B036-B7EB6CA23B27}.Release|Any CPU.ActiveCfg = Release|Any CPU
		{895B7A79-F377-40D2-B036-B7EB6CA23B27}.Release|Any CPU.Build.0 = Release|Any CPU
		{895B7A79-F377-40D2-B036-B7EB6CA23B27}.Release|x64.ActiveCfg = Release|x64
		{895B7A79-F377-40D2-B036-B7EB6CA23B27}.Release|x64.Build.0 = Release|x64
		{895B7A79-F377-40D2-B036-B7EB6CA23B27}.Release|x86.ActiveCfg = Release|x86
		{895B7A79-F377-40D2-B036-B7EB6CA23B27}.Release|x86.Build.0 = Release|x86
		{24D47B7B-A8CF-48CA-AB3A-834FF7AA0724}.BuildTemplates|Any CPU.ActiveCfg = Release|Any CPU
		{24D47B7B-A8CF-48CA-AB3A-834FF7AA0724}.BuildTemplates|Any CPU.Build.0 = Release|Any CPU
		{24D47B7B-A8CF-48CA-AB3A-834FF7AA0724}.BuildTemplates|x64.ActiveCfg = Debug|x86
		{24D47B7B-A8CF-48CA-AB3A-834FF7AA0724}.BuildTemplates|x64.Build.0 = Debug|x86
		{24D47B7B-A8CF-48CA-AB3A-834FF7AA0724}.BuildTemplates|x86.ActiveCfg = Debug|x86
		{24D47B7B-A8CF-48CA-AB3A-834FF7AA0724}.BuildTemplates|x86.Build.0 = Debug|x86
		{24D47B7B-A8CF-48CA-AB3A-834FF7AA0724}.Debug|Any CPU.ActiveCfg = Debug|Any CPU
		{24D47B7B-A8CF-48CA-AB3A-834FF7AA0724}.Debug|Any CPU.Build.0 = Debug|Any CPU
		{24D47B7B-A8CF-48CA-AB3A-834FF7AA0724}.Debug|x64.ActiveCfg = Debug|x64
		{24D47B7B-A8CF-48CA-AB3A-834FF7AA0724}.Debug|x64.Build.0 = Debug|x64
		{24D47B7B-A8CF-48CA-AB3A-834FF7AA0724}.Debug|x86.ActiveCfg = Debug|x86
		{24D47B7B-A8CF-48CA-AB3A-834FF7AA0724}.Debug|x86.Build.0 = Debug|x86
		{24D47B7B-A8CF-48CA-AB3A-834FF7AA0724}.Release|Any CPU.ActiveCfg = Release|Any CPU
		{24D47B7B-A8CF-48CA-AB3A-834FF7AA0724}.Release|Any CPU.Build.0 = Release|Any CPU
		{24D47B7B-A8CF-48CA-AB3A-834FF7AA0724}.Release|x64.ActiveCfg = Release|x64
		{24D47B7B-A8CF-48CA-AB3A-834FF7AA0724}.Release|x64.Build.0 = Release|x64
		{24D47B7B-A8CF-48CA-AB3A-834FF7AA0724}.Release|x86.ActiveCfg = Release|x86
		{24D47B7B-A8CF-48CA-AB3A-834FF7AA0724}.Release|x86.Build.0 = Release|x86
		{F3AB6588-E6D0-4705-92DA-4611A9B3FB12}.BuildTemplates|Any CPU.ActiveCfg = Release|Any CPU
		{F3AB6588-E6D0-4705-92DA-4611A9B3FB12}.BuildTemplates|Any CPU.Build.0 = Release|Any CPU
		{F3AB6588-E6D0-4705-92DA-4611A9B3FB12}.BuildTemplates|x64.ActiveCfg = Release|x64
		{F3AB6588-E6D0-4705-92DA-4611A9B3FB12}.BuildTemplates|x86.ActiveCfg = Release|x86
		{F3AB6588-E6D0-4705-92DA-4611A9B3FB12}.Debug|Any CPU.ActiveCfg = Debug|Any CPU
		{F3AB6588-E6D0-4705-92DA-4611A9B3FB12}.Debug|Any CPU.Build.0 = Debug|Any CPU
		{F3AB6588-E6D0-4705-92DA-4611A9B3FB12}.Debug|x64.ActiveCfg = Debug|x64
		{F3AB6588-E6D0-4705-92DA-4611A9B3FB12}.Debug|x64.Build.0 = Debug|x64
		{F3AB6588-E6D0-4705-92DA-4611A9B3FB12}.Debug|x86.ActiveCfg = Debug|x86
		{F3AB6588-E6D0-4705-92DA-4611A9B3FB12}.Release|Any CPU.ActiveCfg = Release|Any CPU
		{F3AB6588-E6D0-4705-92DA-4611A9B3FB12}.Release|Any CPU.Build.0 = Release|Any CPU
		{F3AB6588-E6D0-4705-92DA-4611A9B3FB12}.Release|x64.ActiveCfg = Release|Any CPU
		{F3AB6588-E6D0-4705-92DA-4611A9B3FB12}.Release|x64.Build.0 = Release|Any CPU
		{F3AB6588-E6D0-4705-92DA-4611A9B3FB12}.Release|x86.ActiveCfg = Release|x86
		{F3AB6588-E6D0-4705-92DA-4611A9B3FB12}.Release|x86.Build.0 = Release|x86
		{E0ED53C6-940A-4486-8051-40F875FBEF2E}.BuildTemplates|Any CPU.ActiveCfg = Release|Any CPU
		{E0ED53C6-940A-4486-8051-40F875FBEF2E}.BuildTemplates|Any CPU.Build.0 = Release|Any CPU
		{E0ED53C6-940A-4486-8051-40F875FBEF2E}.BuildTemplates|x64.ActiveCfg = Release|x64
		{E0ED53C6-940A-4486-8051-40F875FBEF2E}.BuildTemplates|x86.ActiveCfg = Release|x86
		{E0ED53C6-940A-4486-8051-40F875FBEF2E}.Debug|Any CPU.ActiveCfg = Debug|Any CPU
		{E0ED53C6-940A-4486-8051-40F875FBEF2E}.Debug|Any CPU.Build.0 = Debug|Any CPU
		{E0ED53C6-940A-4486-8051-40F875FBEF2E}.Debug|x64.ActiveCfg = Debug|x64
		{E0ED53C6-940A-4486-8051-40F875FBEF2E}.Debug|x64.Build.0 = Debug|x64
		{E0ED53C6-940A-4486-8051-40F875FBEF2E}.Debug|x86.ActiveCfg = Debug|x86
		{E0ED53C6-940A-4486-8051-40F875FBEF2E}.Release|Any CPU.ActiveCfg = Release|Any CPU
		{E0ED53C6-940A-4486-8051-40F875FBEF2E}.Release|Any CPU.Build.0 = Release|Any CPU
		{E0ED53C6-940A-4486-8051-40F875FBEF2E}.Release|x64.ActiveCfg = Release|Any CPU
		{E0ED53C6-940A-4486-8051-40F875FBEF2E}.Release|x64.Build.0 = Release|Any CPU
		{E0ED53C6-940A-4486-8051-40F875FBEF2E}.Release|x86.ActiveCfg = Release|x86
		{E0ED53C6-940A-4486-8051-40F875FBEF2E}.Release|x86.Build.0 = Release|x86
		{DF33AA77-B6EA-4EA2-81A9-5B2218988CD1}.BuildTemplates|Any CPU.ActiveCfg = Release|Any CPU
		{DF33AA77-B6EA-4EA2-81A9-5B2218988CD1}.BuildTemplates|x64.ActiveCfg = Release|Any CPU
		{DF33AA77-B6EA-4EA2-81A9-5B2218988CD1}.BuildTemplates|x86.ActiveCfg = Release|Any CPU
		{DF33AA77-B6EA-4EA2-81A9-5B2218988CD1}.Debug|Any CPU.ActiveCfg = Debug|Any CPU
		{DF33AA77-B6EA-4EA2-81A9-5B2218988CD1}.Debug|x64.ActiveCfg = Debug|Any CPU
		{DF33AA77-B6EA-4EA2-81A9-5B2218988CD1}.Debug|x86.ActiveCfg = Debug|Any CPU
		{DF33AA77-B6EA-4EA2-81A9-5B2218988CD1}.Release|Any CPU.ActiveCfg = Release|Any CPU
		{DF33AA77-B6EA-4EA2-81A9-5B2218988CD1}.Release|x64.ActiveCfg = Release|Any CPU
		{DF33AA77-B6EA-4EA2-81A9-5B2218988CD1}.Release|x86.ActiveCfg = Release|Any CPU
		{5F22FA4A-D2CC-4466-9BAB-87E78F0B1D81}.BuildTemplates|Any CPU.ActiveCfg = Release|x86
		{5F22FA4A-D2CC-4466-9BAB-87E78F0B1D81}.BuildTemplates|Any CPU.Build.0 = Release|x86
		{5F22FA4A-D2CC-4466-9BAB-87E78F0B1D81}.BuildTemplates|x64.ActiveCfg = Release|x64
		{5F22FA4A-D2CC-4466-9BAB-87E78F0B1D81}.BuildTemplates|x86.ActiveCfg = Release|x86
		{5F22FA4A-D2CC-4466-9BAB-87E78F0B1D81}.Debug|Any CPU.ActiveCfg = Debug|x64
		{5F22FA4A-D2CC-4466-9BAB-87E78F0B1D81}.Debug|x64.ActiveCfg = Debug|x64
		{5F22FA4A-D2CC-4466-9BAB-87E78F0B1D81}.Debug|x64.Build.0 = Debug|x64
		{5F22FA4A-D2CC-4466-9BAB-87E78F0B1D81}.Debug|x86.ActiveCfg = Debug|x86
		{5F22FA4A-D2CC-4466-9BAB-87E78F0B1D81}.Release|Any CPU.ActiveCfg = Release|x64
		{5F22FA4A-D2CC-4466-9BAB-87E78F0B1D81}.Release|x64.ActiveCfg = Release|x64
		{5F22FA4A-D2CC-4466-9BAB-87E78F0B1D81}.Release|x64.Build.0 = Release|x64
		{5F22FA4A-D2CC-4466-9BAB-87E78F0B1D81}.Release|x86.ActiveCfg = Release|x86
	EndGlobalSection
	GlobalSection(SolutionProperties) = preSolution
		HideSolutionNode = FALSE
	EndGlobalSection
	GlobalSection(NestedProjects) = preSolution
		{DF33AA77-B6EA-4EA2-81A9-5B2218988CD1} = {4FE211E6-AD7D-4E5D-8B3B-30BC1D2E11C3}
		{5F22FA4A-D2CC-4466-9BAB-87E78F0B1D81} = {5F2C8816-0C42-4D4A-874C-F7D082C28D1F}
	EndGlobalSection
	GlobalSection(ExtensibilityGlobals) = postSolution
		SolutionGuid = {4FA2D885-8BA7-4F22-9AE0-A9CE317ED23D}
	EndGlobalSection
EndGlobal
