
Microsoft Visual Studio Solution File, Format Version 12.00
# Visual Studio 15
VisualStudioVersion = 15.0.27703.2000
MinimumVisualStudioVersion = 10.0.40219.1
Project("{888888A0-9F3D-457C-B088-3A5042F75D52}") = "PlaidML", "PlaidML\PlaidML.pyproj", "{DF33AA77-B6EA-4EA2-81A9-5B2218988CD1}"
EndProject
Project("{FAE04EC0-301F-11D3-BF4B-00C04F79EFBC}") = "Adrien.Bindings", "Adrien.Bindings\Adrien.Bindings.csproj", "{148B61A8-200F-4C10-8FCB-8A36F33A548E}"
EndProject
Global
	GlobalSection(SolutionConfigurationPlatforms) = preSolution
		Debug|Any CPU = Debug|Any CPU
		Release|Any CPU = Release|Any CPU
	EndGlobalSection
	GlobalSection(ProjectConfigurationPlatforms) = postSolution
		{DF33AA77-B6EA-4EA2-81A9-5B2218988CD1}.Debug|Any CPU.ActiveCfg = Debug|Any CPU
		{DF33AA77-B6EA-4EA2-81A9-5B2218988CD1}.Release|Any CPU.ActiveCfg = Release|Any CPU
		{148B61A8-200F-4C10-8FCB-8A36F33A548E}.Debug|Any CPU.ActiveCfg = Debug|Any CPU
		{148B61A8-200F-4C10-8FCB-8A36F33A548E}.Debug|Any CPU.Build.0 = Debug|Any CPU
		{148B61A8-200F-4C10-8FCB-8A36F33A548E}.Release|Any CPU.ActiveCfg = Release|Any CPU
		{148B61A8-200F-4C10-8FCB-8A36F33A548E}.Release|Any CPU.Build.0 = Release|Any CPU
	EndGlobalSection
	GlobalSection(SolutionProperties) = preSolution
		HideSolutionNode = FALSE
	EndGlobalSection
	GlobalSection(ExtensibilityGlobals) = postSolution
		SolutionGuid = {4FA2D885-8BA7-4F22-9AE0-A9CE317ED23D}
	EndGlobalSection
EndGlobal
