
Microsoft Visual Studio Solution File, Format Version 12.00
# Visual Studio 15
VisualStudioVersion = 15.0.27703.2000
MinimumVisualStudioVersion = 10.0.40219.1
Project("{888888A0-9F3D-457C-B088-3A5042F75D52}") = "PlaidML", "PlaidML\PlaidML.pyproj", "{DF33AA77-B6EA-4EA2-81A9-5B2218988CD1}"
EndProject
Project("{FAE04EC0-301F-11D3-BF4B-00C04F79EFBC}") = "Adrien.Bindings", "Adrien.Bindings\Adrien.Bindings.csproj", "{148B61A8-200F-4C10-8FCB-8A36F33A548E}"
EndProject
Project("{9A19103F-16F7-4668-BE54-9A1E7A4F7556}") = "Adrien.Core", "Adrien.Core\Adrien.Core.csproj", "{895B7A79-F377-40D2-B036-B7EB6CA23B27}"
EndProject
Project("{9A19103F-16F7-4668-BE54-9A1E7A4F7556}") = "Adrien.Base", "Adrien.Base\Adrien.Base.csproj", "{24D47B7B-A8CF-48CA-AB3A-834FF7AA0724}"
EndProject
Project("{9A19103F-16F7-4668-BE54-9A1E7A4F7556}") = "TensorSharp.NETStandard", "TensorSharp\src\TensorSharp\TensorSharp.NETStandard.csproj", "{3DCC51DA-A39C-489C-B57A-F99A7EACE525}"
EndProject
Project("{9A19103F-16F7-4668-BE54-9A1E7A4F7556}") = "Adrien.Backend.PlaidML", "Adrien.Backend.PlaidML\Adrien.Backend.PlaidML.csproj", "{F3AB6588-E6D0-4705-92DA-4611A9B3FB12}"
EndProject
Project("{FAE04EC0-301F-11D3-BF4B-00C04F79EFBC}") = "Adrien.Tests", "Adrien.Tests\Adrien.Tests.csproj", "{E0ED53C6-940A-4486-8051-40F875FBEF2E}"
EndProject
Global
	GlobalSection(SolutionConfigurationPlatforms) = preSolution
		Debug|Any CPU = Debug|Any CPU
		Debug|x64 = Debug|x64
		Release|Any CPU = Release|Any CPU
		Release|x64 = Release|x64
	EndGlobalSection
	GlobalSection(ProjectConfigurationPlatforms) = postSolution
		{DF33AA77-B6EA-4EA2-81A9-5B2218988CD1}.Debug|Any CPU.ActiveCfg = Debug|Any CPU
		{DF33AA77-B6EA-4EA2-81A9-5B2218988CD1}.Debug|x64.ActiveCfg = Debug|Any CPU
		{DF33AA77-B6EA-4EA2-81A9-5B2218988CD1}.Release|Any CPU.ActiveCfg = Release|Any CPU
		{DF33AA77-B6EA-4EA2-81A9-5B2218988CD1}.Release|x64.ActiveCfg = Release|Any CPU
		{148B61A8-200F-4C10-8FCB-8A36F33A548E}.Debug|Any CPU.ActiveCfg = Debug|Any CPU
		{148B61A8-200F-4C10-8FCB-8A36F33A548E}.Debug|Any CPU.Build.0 = Debug|Any CPU
		{148B61A8-200F-4C10-8FCB-8A36F33A548E}.Debug|x64.ActiveCfg = Debug|x64
		{148B61A8-200F-4C10-8FCB-8A36F33A548E}.Debug|x64.Build.0 = Debug|x64
		{148B61A8-200F-4C10-8FCB-8A36F33A548E}.Release|Any CPU.ActiveCfg = Release|Any CPU
		{148B61A8-200F-4C10-8FCB-8A36F33A548E}.Release|Any CPU.Build.0 = Release|Any CPU
		{148B61A8-200F-4C10-8FCB-8A36F33A548E}.Release|x64.ActiveCfg = Release|x64
		{148B61A8-200F-4C10-8FCB-8A36F33A548E}.Release|x64.Build.0 = Release|x64
		{895B7A79-F377-40D2-B036-B7EB6CA23B27}.Debug|Any CPU.ActiveCfg = Debug|Any CPU
		{895B7A79-F377-40D2-B036-B7EB6CA23B27}.Debug|Any CPU.Build.0 = Debug|Any CPU
		{895B7A79-F377-40D2-B036-B7EB6CA23B27}.Debug|x64.ActiveCfg = Debug|x64
		{895B7A79-F377-40D2-B036-B7EB6CA23B27}.Debug|x64.Build.0 = Debug|x64
		{895B7A79-F377-40D2-B036-B7EB6CA23B27}.Release|Any CPU.ActiveCfg = Release|Any CPU
		{895B7A79-F377-40D2-B036-B7EB6CA23B27}.Release|Any CPU.Build.0 = Release|Any CPU
		{895B7A79-F377-40D2-B036-B7EB6CA23B27}.Release|x64.ActiveCfg = Release|x64
		{895B7A79-F377-40D2-B036-B7EB6CA23B27}.Release|x64.Build.0 = Release|x64
		{24D47B7B-A8CF-48CA-AB3A-834FF7AA0724}.Debug|Any CPU.ActiveCfg = Debug|Any CPU
		{24D47B7B-A8CF-48CA-AB3A-834FF7AA0724}.Debug|Any CPU.Build.0 = Debug|Any CPU
		{24D47B7B-A8CF-48CA-AB3A-834FF7AA0724}.Debug|x64.ActiveCfg = Debug|x64
		{24D47B7B-A8CF-48CA-AB3A-834FF7AA0724}.Debug|x64.Build.0 = Debug|x64
		{24D47B7B-A8CF-48CA-AB3A-834FF7AA0724}.Release|Any CPU.ActiveCfg = Release|Any CPU
		{24D47B7B-A8CF-48CA-AB3A-834FF7AA0724}.Release|Any CPU.Build.0 = Release|Any CPU
		{24D47B7B-A8CF-48CA-AB3A-834FF7AA0724}.Release|x64.ActiveCfg = Release|x64
		{24D47B7B-A8CF-48CA-AB3A-834FF7AA0724}.Release|x64.Build.0 = Release|x64
		{3DCC51DA-A39C-489C-B57A-F99A7EACE525}.Debug|Any CPU.ActiveCfg = Debug|Any CPU
		{3DCC51DA-A39C-489C-B57A-F99A7EACE525}.Debug|Any CPU.Build.0 = Debug|Any CPU
		{3DCC51DA-A39C-489C-B57A-F99A7EACE525}.Debug|x64.ActiveCfg = Debug|x64
		{3DCC51DA-A39C-489C-B57A-F99A7EACE525}.Debug|x64.Build.0 = Debug|x64
		{3DCC51DA-A39C-489C-B57A-F99A7EACE525}.Release|Any CPU.ActiveCfg = Release|Any CPU
		{3DCC51DA-A39C-489C-B57A-F99A7EACE525}.Release|Any CPU.Build.0 = Release|Any CPU
		{3DCC51DA-A39C-489C-B57A-F99A7EACE525}.Release|x64.ActiveCfg = Release|x64
		{3DCC51DA-A39C-489C-B57A-F99A7EACE525}.Release|x64.Build.0 = Release|x64
		{F3AB6588-E6D0-4705-92DA-4611A9B3FB12}.Debug|Any CPU.ActiveCfg = Debug|Any CPU
		{F3AB6588-E6D0-4705-92DA-4611A9B3FB12}.Debug|Any CPU.Build.0 = Debug|Any CPU
		{F3AB6588-E6D0-4705-92DA-4611A9B3FB12}.Debug|x64.ActiveCfg = Debug|x64
		{F3AB6588-E6D0-4705-92DA-4611A9B3FB12}.Debug|x64.Build.0 = Debug|x64
		{F3AB6588-E6D0-4705-92DA-4611A9B3FB12}.Release|Any CPU.ActiveCfg = Release|Any CPU
		{F3AB6588-E6D0-4705-92DA-4611A9B3FB12}.Release|Any CPU.Build.0 = Release|Any CPU
		{F3AB6588-E6D0-4705-92DA-4611A9B3FB12}.Release|x64.ActiveCfg = Release|Any CPU
		{F3AB6588-E6D0-4705-92DA-4611A9B3FB12}.Release|x64.Build.0 = Release|Any CPU
		{E0ED53C6-940A-4486-8051-40F875FBEF2E}.Debug|Any CPU.ActiveCfg = Debug|Any CPU
		{E0ED53C6-940A-4486-8051-40F875FBEF2E}.Debug|Any CPU.Build.0 = Debug|Any CPU
		{E0ED53C6-940A-4486-8051-40F875FBEF2E}.Debug|x64.ActiveCfg = Debug|x64
		{E0ED53C6-940A-4486-8051-40F875FBEF2E}.Debug|x64.Build.0 = Debug|x64
		{E0ED53C6-940A-4486-8051-40F875FBEF2E}.Release|Any CPU.ActiveCfg = Release|Any CPU
		{E0ED53C6-940A-4486-8051-40F875FBEF2E}.Release|Any CPU.Build.0 = Release|Any CPU
		{E0ED53C6-940A-4486-8051-40F875FBEF2E}.Release|x64.ActiveCfg = Release|Any CPU
		{E0ED53C6-940A-4486-8051-40F875FBEF2E}.Release|x64.Build.0 = Release|Any CPU
	EndGlobalSection
	GlobalSection(SolutionProperties) = preSolution
		HideSolutionNode = FALSE
	EndGlobalSection
	GlobalSection(ExtensibilityGlobals) = postSolution
		SolutionGuid = {4FA2D885-8BA7-4F22-9AE0-A9CE317ED23D}
	EndGlobalSection
EndGlobal
